{
  "name": "effects-as-data-examples",
  "version": "1.0.0",
  "lockfileVersion": 1,
  "requires": true,
  "dependencies": {
    "effects-as-data": {
      "version": "2.5.5",
      "resolved": "https://registry.npmjs.org/effects-as-data/-/effects-as-data-2.5.5.tgz",
      "integrity": "sha512-+UEHduYf/Axx58Qp07M8JlKkDmYInZ5YC0NUuy9Fx0axAIzDFLapYKSSlEj7xCTA+X1kQeQ4ObNWqZZ1lPTF6g==",
      "requires": {
        "lodash": "4.17.4"
      }
    },
    "effects-as-data-node": {
      "version": "2.0.2",
      "resolved": "https://registry.npmjs.org/effects-as-data-node/-/effects-as-data-node-2.0.2.tgz",
      "integrity": "sha512-KnJB4f0ePPYfGmgQga2nH8MOPV+4lB0aqulxPq4fB92Pn6Lxg8+RRawYCaSfYHLIG7qEdon5SfhYF8YX7F2n8Q==",
      "requires": {
        "effects-as-data-universal": "2.3.0",
        "ramda": "0.24.1",
        "readline": "1.3.0"
      }
    },
    "effects-as-data-universal": {
      "version": "2.3.0",
      "resolved": "https://registry.npmjs.org/effects-as-data-universal/-/effects-as-data-universal-2.3.0.tgz",
      "integrity": "sha512-pkTYl0GtVDofXBu1DHAOVFjfYK9rT+YILLdICWcLYrOjKJ/x2P+SPl7wlpR/vwmfs1e1y+cBeGs2KaWvaMkn6Q==",
      "requires": {
        "fetch-everywhere": "1.0.5",
        "ramda": "0.24.1",
        "uuid": "3.1.0"
      }
    },
    "encoding": {
      "version": "0.1.12",
      "resolved": "https://registry.npmjs.org/encoding/-/encoding-0.1.12.tgz",
      "integrity": "sha1-U4tm8+5izRq1HsMjgp0flIDHS+s=",
      "requires": {
        "iconv-lite": "0.4.18"
      }
    },
    "fetch-everywhere": {
      "version": "1.0.5",
      "resolved": "https://registry.npmjs.org/fetch-everywhere/-/fetch-everywhere-1.0.5.tgz",
      "integrity": "sha1-skl/R6V9kCazkHwJdWrPX0vTTos=",
      "requires": {
        "node-fetch": "1.7.1",
        "whatwg-fetch": "2.0.3"
      }
    },
    "iconv-lite": {
      "version": "0.4.18",
      "resolved": "https://registry.npmjs.org/iconv-lite/-/iconv-lite-0.4.18.tgz",
      "integrity": "sha512-sr1ZQph3UwHTR0XftSbK85OvBbxe/abLGzEnPENCQwmHf7sck8Oyu4ob3LgBxWWxRoM+QszeUyl7jbqapu2TqA=="
    },
    "is-stream": {
      "version": "1.1.0",
      "resolved": "https://registry.npmjs.org/is-stream/-/is-stream-1.1.0.tgz",
      "integrity": "sha1-EtSj3U5o4Lec6428hBc66A2RykQ="
    },
    "isomorphic-fetch": {
      "version": "2.2.1",
      "resolved": "https://registry.npmjs.org/isomorphic-fetch/-/isomorphic-fetch-2.2.1.tgz",
      "integrity": "sha1-YRrhrPFPXoH3KVB0coGf6XM1WKk=",
      "requires": {
        "node-fetch": "1.7.1",
        "whatwg-fetch": "2.0.3"
      }
    },
    "lodash": {
      "version": "4.17.4",
      "resolved": "https://registry.npmjs.org/lodash/-/lodash-4.17.4.tgz",
      "integrity": "sha1-eCA6TRwyiuHYbcpkYONptX9AVa4="
    },
    "node-fetch": {
      "version": "1.7.1",
      "resolved": "https://registry.npmjs.org/node-fetch/-/node-fetch-1.7.1.tgz",
      "integrity": "sha512-j8XsFGCLw79vWXkZtMSmmLaOk9z5SQ9bV/tkbZVCqvgwzrjAGq66igobLofHtF63NvMTp2WjytpsNTGKa+XRIQ==",
      "requires": {
        "encoding": "0.1.12",
        "is-stream": "1.1.0"
      }
    },
    "ramda": {
      "version": "0.24.1",
      "resolved": "https://registry.npmjs.org/ramda/-/ramda-0.24.1.tgz",
      "integrity": "sha1-w7d1UZfzW43DUCIoJixMkd22uFc="
    },
    "readline": {
      "version": "1.3.0",
      "resolved": "https://registry.npmjs.org/readline/-/readline-1.3.0.tgz",
      "integrity": "sha1-xYDXfvLPyHUrEySYBg3JeTp6wBw="
    },
    "uuid": {
      "version": "3.1.0",
      "resolved": "https://registry.npmjs.org/uuid/-/uuid-3.1.0.tgz",
      "integrity": "sha512-DIWtzUkw04M4k3bf1IcpS2tngXEL26YUD2M0tMDUpnUrz2hgzUBlD55a4FjdLGPvfHxS6uluGWvaVEqgBcVa+g=="
    },
    "whatwg-fetch": {
      "version": "2.0.3",
      "resolved": "https://registry.npmjs.org/whatwg-fetch/-/whatwg-fetch-2.0.3.tgz",
      "integrity": "sha1-nITsLc9oGH/wC8ZOEnS0QhduHIQ="
    }
  }
}
